// !$*UTF8*$!
{
	archiveVersion = 1;
	classes = {
	};
	objectVersion = 46;
	objects = {

/* Begin PBXBuildFile section */
		BA7BB70E1F49B0F500135843 /* AppDelegate.swift in Sources */ = {isa = PBXBuildFile; fileRef = BA7BB70D1F49B0F500135843 /* AppDelegate.swift */; };
		BA7BB7101F49B0F500135843 /* ViewController.swift in Sources */ = {isa = PBXBuildFile; fileRef = BA7BB70F1F49B0F500135843 /* ViewController.swift */; };
		BA7BB7131F49B0F500135843 /* Main.storyboard in Resources */ = {isa = PBXBuildFile; fileRef = BA7BB7111F49B0F500135843 /* Main.storyboard */; };
		BA7BB7151F49B0F500135843 /* Assets.xcassets in Resources */ = {isa = PBXBuildFile; fileRef = BA7BB7141F49B0F500135843 /* Assets.xcassets */; };
		BA7BB7181F49B0F500135843 /* LaunchScreen.storyboard in Resources */ = {isa = PBXBuildFile; fileRef = BA7BB7161F49B0F500135843 /* LaunchScreen.storyboard */; };
		BA7BB7231F49B0F500135843 /* CryptoCurrencyConverterTests.swift in Sources */ = {isa = PBXBuildFile; fileRef = BA7BB7221F49B0F500135843 /* CryptoCurrencyConverterTests.swift */; };
		BA7BB72E1F49B0F500135843 /* CryptoCurrencyConverterUITests.swift in Sources */ = {isa = PBXBuildFile; fileRef = BA7BB72D1F49B0F500135843 /* CryptoCurrencyConverterUITests.swift */; };
		BA7BB73C1F49B3F500135843 /* TableViewController.swift in Sources */ = {isa = PBXBuildFile; fileRef = BA7BB73B1F49B3F500135843 /* TableViewController.swift */; };
		BA7BB73F1F49B4C200135843 /* Currency.swift in Sources */ = {isa = PBXBuildFile; fileRef = BA7BB73E1F49B4C200135843 /* Currency.swift */; };
		BA7BB7441F49C62300135843 /* ServerManager.swift in Sources */ = {isa = PBXBuildFile; fileRef = BA7BB7431F49C62300135843 /* ServerManager.swift */; };
/* End PBXBuildFile section */

/* Begin PBXContainerItemProxy section */
		BA7BB71F1F49B0F500135843 /* PBXContainerItemProxy */ = {
			isa = PBXContainerItemProxy;
			containerPortal = BA7BB7021F49B0F500135843 /* Project object */;
			proxyType = 1;
			remoteGlobalIDString = BA7BB7091F49B0F500135843;
			remoteInfo = CryptoCurrencyConverter;
		};
		BA7BB72A1F49B0F500135843 /* PBXContainerItemProxy */ = {
			isa = PBXContainerItemProxy;
			containerPortal = BA7BB7021F49B0F500135843 /* Project object */;
			proxyType = 1;
			remoteGlobalIDString = BA7BB7091F49B0F500135843;
			remoteInfo = CryptoCurrencyConverter;
		};
/* End PBXContainerItemProxy section */

/* Begin PBXFileReference section */
		BA7BB70A1F49B0F500135843 /* CryptoCurrencyConverter.app */ = {isa = PBXFileReference; explicitFileType = wrapper.application; includeInIndex = 0; path = CryptoCurrencyConverter.app; sourceTree = BUILT_PRODUCTS_DIR; };
		BA7BB70D1F49B0F500135843 /* AppDelegate.swift */ = {isa = PBXFileReference; lastKnownFileType = sourcecode.swift; path = AppDelegate.swift; sourceTree = "<group>"; };
		BA7BB70F1F49B0F500135843 /* ViewController.swift */ = {isa = PBXFileReference; lastKnownFileType = sourcecode.swift; path = ViewController.swift; sourceTree = "<group>"; };
		BA7BB7121F49B0F500135843 /* Base */ = {isa = PBXFileReference; lastKnownFileType = file.storyboard; name = Base; path = Base.lproj/Main.storyboard; sourceTree = "<group>"; };
		BA7BB7141F49B0F500135843 /* Assets.xcassets */ = {isa = PBXFileReference; lastKnownFileType = folder.assetcatalog; path = Assets.xcassets; sourceTree = "<group>"; };
		BA7BB7171F49B0F500135843 /* Base */ = {isa = PBXFileReference; lastKnownFileType = file.storyboard; name = Base; path = Base.lproj/LaunchScreen.storyboard; sourceTree = "<group>"; };
		BA7BB7191F49B0F500135843 /* Info.plist */ = {isa = PBXFileReference; lastKnownFileType = text.plist.xml; path = Info.plist; sourceTree = "<group>"; };
		BA7BB71E1F49B0F500135843 /* CryptoCurrencyConverterTests.xctest */ = {isa = PBXFileReference; explicitFileType = wrapper.cfbundle; includeInIndex = 0; path = CryptoCurrencyConverterTests.xctest; sourceTree = BUILT_PRODUCTS_DIR; };
		BA7BB7221F49B0F500135843 /* CryptoCurrencyConverterTests.swift */ = {isa = PBXFileReference; lastKnownFileType = sourcecode.swift; path = CryptoCurrencyConverterTests.swift; sourceTree = "<group>"; };
		BA7BB7241F49B0F500135843 /* Info.plist */ = {isa = PBXFileReference; lastKnownFileType = text.plist.xml; path = Info.plist; sourceTree = "<group>"; };
		BA7BB7291F49B0F500135843 /* CryptoCurrencyConverterUITests.xctest */ = {isa = PBXFileReference; explicitFileType = wrapper.cfbundle; includeInIndex = 0; path = CryptoCurrencyConverterUITests.xctest; sourceTree = BUILT_PRODUCTS_DIR; };
		BA7BB72D1F49B0F500135843 /* CryptoCurrencyConverterUITests.swift */ = {isa = PBXFileReference; lastKnownFileType = sourcecode.swift; path = CryptoCurrencyConverterUITests.swift; sourceTree = "<group>"; };
		BA7BB72F1F49B0F500135843 /* Info.plist */ = {isa = PBXFileReference; lastKnownFileType = text.plist.xml; path = Info.plist; sourceTree = "<group>"; };
		BA7BB73B1F49B3F500135843 /* TableViewController.swift */ = {isa = PBXFileReference; fileEncoding = 4; lastKnownFileType = sourcecode.swift; path = TableViewController.swift; sourceTree = "<group>"; };
		BA7BB73E1F49B4C200135843 /* Currency.swift */ = {isa = PBXFileReference; fileEncoding = 4; lastKnownFileType = sourcecode.swift; path = Currency.swift; sourceTree = "<group>"; };
		BA7BB7431F49C62300135843 /* ServerManager.swift */ = {isa = PBXFileReference; fileEncoding = 4; lastKnownFileType = sourcecode.swift; path = ServerManager.swift; sourceTree = "<group>"; };
/* End PBXFileReference section */

/* Begin PBXFrameworksBuildPhase section */
		BA7BB7071F49B0F500135843 /* Frameworks */ = {
			isa = PBXFrameworksBuildPhase;
			buildActionMask = 2147483647;
			files = (
			);
			runOnlyForDeploymentPostprocessing = 0;
		};
		BA7BB71B1F49B0F500135843 /* Frameworks */ = {
			isa = PBXFrameworksBuildPhase;
			buildActionMask = 2147483647;
			files = (
			);
			runOnlyForDeploymentPostprocessing = 0;
		};
		BA7BB7261F49B0F500135843 /* Frameworks */ = {
			isa = PBXFrameworksBuildPhase;
			buildActionMask = 2147483647;
			files = (
			);
			runOnlyForDeploymentPostprocessing = 0;
		};
/* End PBXFrameworksBuildPhase section */

/* Begin PBXGroup section */
		BA7BB7011F49B0F500135843 = {
			isa = PBXGroup;
			children = (
				BA7BB70C1F49B0F500135843 /* CryptoCurrencyConverter */,
				BA7BB7211F49B0F500135843 /* CryptoCurrencyConverterTests */,
				BA7BB72C1F49B0F500135843 /* CryptoCurrencyConverterUITests */,
				BA7BB70B1F49B0F500135843 /* Products */,
			);
			sourceTree = "<group>";
		};
		BA7BB70B1F49B0F500135843 /* Products */ = {
			isa = PBXGroup;
			children = (
				BA7BB70A1F49B0F500135843 /* CryptoCurrencyConverter.app */,
				BA7BB71E1F49B0F500135843 /* CryptoCurrencyConverterTests.xctest */,
				BA7BB7291F49B0F500135843 /* CryptoCurrencyConverterUITests.xctest */,
			);
			name = Products;
			sourceTree = "<group>";
		};
		BA7BB70C1F49B0F500135843 /* CryptoCurrencyConverter */ = {
			isa = PBXGroup;
			children = (
				BA7BB70D1F49B0F500135843 /* AppDelegate.swift */,
				BA7BB7431F49C62300135843 /* ServerManager.swift */,
				BA7BB73D1F49B40900135843 /* Controllers */,
				BA7BB7111F49B0F500135843 /* Main.storyboard */,
				BA7BB7401F49B4F800135843 /* Models */,
				BA7BB7141F49B0F500135843 /* Assets.xcassets */,
				BA7BB7161F49B0F500135843 /* LaunchScreen.storyboard */,
				BA7BB7191F49B0F500135843 /* Info.plist */,
			);
			path = CryptoCurrencyConverter;
			sourceTree = "<group>";
		};
		BA7BB7211F49B0F500135843 /* CryptoCurrencyConverterTests */ = {
			isa = PBXGroup;
			children = (
				BA7BB7221F49B0F500135843 /* CryptoCurrencyConverterTests.swift */,
				BA7BB7241F49B0F500135843 /* Info.plist */,
			);
			path = CryptoCurrencyConverterTests;
			sourceTree = "<group>";
		};
		BA7BB72C1F49B0F500135843 /* CryptoCurrencyConverterUITests */ = {
			isa = PBXGroup;
			children = (
				BA7BB72D1F49B0F500135843 /* CryptoCurrencyConverterUITests.swift */,
				BA7BB72F1F49B0F500135843 /* Info.plist */,
			);
			path = CryptoCurrencyConverterUITests;
			sourceTree = "<group>";
		};
		BA7BB73D1F49B40900135843 /* Controllers */ = {
			isa = PBXGroup;
			children = (
				BA7BB73B1F49B3F500135843 /* TableViewController.swift */,
				BA7BB70F1F49B0F500135843 /* ViewController.swift */,
			);
			name = Controllers;
			sourceTree = "<group>";
		};
		BA7BB7401F49B4F800135843 /* Models */ = {
			isa = PBXGroup;
			children = (
				BA7BB73E1F49B4C200135843 /* Currency.swift */,
			);
			name = Models;
			sourceTree = "<group>";
		};
/* End PBXGroup section */

/* Begin PBXNativeTarget section */
		BA7BB7091F49B0F500135843 /* CryptoCurrencyConverter */ = {
			isa = PBXNativeTarget;
			buildConfigurationList = BA7BB7321F49B0F500135843 /* Build configuration list for PBXNativeTarget "CryptoCurrencyConverter" */;
			buildPhases = (
				BA7BB7061F49B0F500135843 /* Sources */,
				BA7BB7071F49B0F500135843 /* Frameworks */,
				BA7BB7081F49B0F500135843 /* Resources */,
			);
			buildRules = (
			);
			dependencies = (
			);
			name = CryptoCurrencyConverter;
			productName = CryptoCurrencyConverter;
			productReference = BA7BB70A1F49B0F500135843 /* CryptoCurrencyConverter.app */;
			productType = "com.apple.product-type.application";
		};
		BA7BB71D1F49B0F500135843 /* CryptoCurrencyConverterTests */ = {
			isa = PBXNativeTarget;
			buildConfigurationList = BA7BB7351F49B0F500135843 /* Build configuration list for PBXNativeTarget "CryptoCurrencyConverterTests" */;
			buildPhases = (
				BA7BB71A1F49B0F500135843 /* Sources */,
				BA7BB71B1F49B0F500135843 /* Frameworks */,
				BA7BB71C1F49B0F500135843 /* Resources */,
			);
			buildRules = (
			);
			dependencies = (
				BA7BB7201F49B0F500135843 /* PBXTargetDependency */,
			);
			name = CryptoCurrencyConverterTests;
			productName = CryptoCurrencyConverterTests;
			productReference = BA7BB71E1F49B0F500135843 /* CryptoCurrencyConverterTests.xctest */;
			productType = "com.apple.product-type.bundle.unit-test";
		};
		BA7BB7281F49B0F500135843 /* CryptoCurrencyConverterUITests */ = {
			isa = PBXNativeTarget;
			buildConfigurationList = BA7BB7381F49B0F500135843 /* Build configuration list for PBXNativeTarget "CryptoCurrencyConverterUITests" */;
			buildPhases = (
				BA7BB7251F49B0F500135843 /* Sources */,
				BA7BB7261F49B0F500135843 /* Frameworks */,
				BA7BB7271F49B0F500135843 /* Resources */,
			);
			buildRules = (
			);
			dependencies = (
				BA7BB72B1F49B0F500135843 /* PBXTargetDependency */,
			);
			name = CryptoCurrencyConverterUITests;
			productName = CryptoCurrencyConverterUITests;
			productReference = BA7BB7291F49B0F500135843 /* CryptoCurrencyConverterUITests.xctest */;
			productType = "com.apple.product-type.bundle.ui-testing";
		};
/* End PBXNativeTarget section */

/* Begin PBXProject section */
		BA7BB7021F49B0F500135843 /* Project object */ = {
			isa = PBXProject;
			attributes = {
				LastSwiftUpdateCheck = 0830;
				LastUpgradeCheck = 0830;
				ORGANIZATIONNAME = "Vasiliy Melishkevych";
				TargetAttributes = {
					BA7BB7091F49B0F500135843 = {
						CreatedOnToolsVersion = 8.3.3;
						ProvisioningStyle = Automatic;
					};
					BA7BB71D1F49B0F500135843 = {
						CreatedOnToolsVersion = 8.3.3;
						ProvisioningStyle = Automatic;
						TestTargetID = BA7BB7091F49B0F500135843;
					};
					BA7BB7281F49B0F500135843 = {
						CreatedOnToolsVersion = 8.3.3;
						ProvisioningStyle = Automatic;
						TestTargetID = BA7BB7091F49B0F500135843;
					};
				};
			};
			buildConfigurationList = BA7BB7051F49B0F500135843 /* Build configuration list for PBXProject "CryptoCurrencyConverter" */;
			compatibilityVersion = "Xcode 3.2";
			developmentRegion = English;
			hasScannedForEncodings = 0;
			knownRegions = (
				en,
				Base,
			);
			mainGroup = BA7BB7011F49B0F500135843;
			productRefGroup = BA7BB70B1F49B0F500135843 /* Products */;
			projectDirPath = "";
			projectRoot = "";
			targets = (
				BA7BB7091F49B0F500135843 /* CryptoCurrencyConverter */,
				BA7BB71D1F49B0F500135843 /* CryptoCurrencyConverterTests */,
				BA7BB7281F49B0F500135843 /* CryptoCurrencyConverterUITests */,
			);
		};
/* End PBXProject section */

/* Begin PBXResourcesBuildPhase section */
		BA7BB7081F49B0F500135843 /* Resources */ = {
			isa = PBXResourcesBuildPhase;
			buildActionMask = 2147483647;
			files = (
				BA7BB7181F49B0F500135843 /* LaunchScreen.storyboard in Resources */,
				BA7BB7151F49B0F500135843 /* Assets.xcassets in Resources */,
				BA7BB7131F49B0F500135843 /* Main.storyboard in Resources */,
			);
			runOnlyForDeploymentPostprocessing = 0;
		};
		BA7BB71C1F49B0F500135843 /* Resources */ = {
			isa = PBXResourcesBuildPhase;
			buildActionMask = 2147483647;
			files = (
			);
			runOnlyForDeploymentPostprocessing = 0;
		};
		BA7BB7271F49B0F500135843 /* Resources */ = {
			isa = PBXResourcesBuildPhase;
			buildActionMask = 2147483647;
			files = (
			);
			runOnlyForDeploymentPostprocessing = 0;
		};
/* End PBXResourcesBuildPhase section */

/* Begin PBXSourcesBuildPhase section */
		BA7BB7061F49B0F500135843 /* Sources */ = {
			isa = PBXSourcesBuildPhase;
			buildActionMask = 2147483647;
			files = (
				BA7BB7101F49B0F500135843 /* ViewController.swift in Sources */,
				BA7BB73C1F49B3F500135843 /* TableViewController.swift in Sources */,
				BA7BB70E1F49B0F500135843 /* AppDelegate.swift in Sources */,
				BA7BB7441F49C62300135843 /* ServerManager.swift in Sources */,
				BA7BB73F1F49B4C200135843 /* Currency.swift in Sources */,
			);
			runOnlyForDeploymentPostprocessing = 0;
		};
		BA7BB71A1F49B0F500135843 /* Sources */ = {
			isa = PBXSourcesBuildPhase;
			buildActionMask = 2147483647;
			files = (
				BA7BB7231F49B0F500135843 /* CryptoCurrencyConverterTests.swift in Sources */,
			);
			runOnlyForDeploymentPostprocessing = 0;
		};
		BA7BB7251F49B0F500135843 /* Sources */ = {
			isa = PBXSourcesBuildPhase;
			buildActionMask = 2147483647;
			files = (
				BA7BB72E1F49B0F500135843 /* CryptoCurrencyConverterUITests.swift in Sources */,
			);
			runOnlyForDeploymentPostprocessing = 0;
		};
/* End PBXSourcesBuildPhase section */

/* Begin PBXTargetDependency section */
		BA7BB7201F49B0F500135843 /* PBXTargetDependency */ = {
			isa = PBXTargetDependency;
			target = BA7BB7091F49B0F500135843 /* CryptoCurrencyConverter */;
			targetProxy = BA7BB71F1F49B0F500135843 /* PBXContainerItemProxy */;
		};
		BA7BB72B1F49B0F500135843 /* PBXTargetDependency */ = {
			isa = PBXTargetDependency;
			target = BA7BB7091F49B0F500135843 /* CryptoCurrencyConverter */;
			targetProxy = BA7BB72A1F49B0F500135843 /* PBXContainerItemProxy */;
		};
/* End PBXTargetDependency section */

/* Begin PBXVariantGroup section */
		BA7BB7111F49B0F500135843 /* Main.storyboard */ = {
			isa = PBXVariantGroup;
			children = (
				BA7BB7121F49B0F500135843 /* Base */,
			);
			name = Main.storyboard;
			sourceTree = "<group>";
		};
		BA7BB7161F49B0F500135843 /* LaunchScreen.storyboard */ = {
			isa = PBXVariantGroup;
			children = (
				BA7BB7171F49B0F500135843 /* Base */,
			);
			name = LaunchScreen.storyboard;
			sourceTree = "<group>";
		};
/* End PBXVariantGroup section */

/* Begin XCBuildConfiguration section */
		BA7BB7301F49B0F500135843 /* Debug */ = {
			isa = XCBuildConfiguration;
			buildSettings = {
				ALWAYS_SEARCH_USER_PATHS = NO;
				CLANG_ANALYZER_NONNULL = YES;
				CLANG_ANALYZER_NUMBER_OBJECT_CONVERSION = YES_AGGRESSIVE;
				CLANG_CXX_LANGUAGE_STANDARD = "gnu++0x";
				CLANG_CXX_LIBRARY = "libc++";
				CLANG_ENABLE_MODULES = YES;
				CLANG_ENABLE_OBJC_ARC = YES;
				CLANG_WARN_BOOL_CONVERSION = YES;
				CLANG_WARN_CONSTANT_CONVERSION = YES;
				CLANG_WARN_DIRECT_OBJC_ISA_USAGE = YES_ERROR;
				CLANG_WARN_DOCUMENTATION_COMMENTS = YES;
				CLANG_WARN_EMPTY_BODY = YES;
				CLANG_WARN_ENUM_CONVERSION = YES;
				CLANG_WARN_INFINITE_RECURSION = YES;
				CLANG_WARN_INT_CONVERSION = YES;
				CLANG_WARN_OBJC_ROOT_CLASS = YES_ERROR;
				CLANG_WARN_SUSPICIOUS_MOVE = YES;
				CLANG_WARN_UNREACHABLE_CODE = YES;
				CLANG_WARN__DUPLICATE_METHOD_MATCH = YES;
				"CODE_SIGN_IDENTITY[sdk=iphoneos*]" = "iPhone Developer";
				COPY_PHASE_STRIP = NO;
				DEBUG_INFORMATION_FORMAT = dwarf;
				ENABLE_STRICT_OBJC_MSGSEND = YES;
				ENABLE_TESTABILITY = YES;
				GCC_C_LANGUAGE_STANDARD = gnu99;
				GCC_DYNAMIC_NO_PIC = NO;
				GCC_NO_COMMON_BLOCKS = YES;
				GCC_OPTIMIZATION_LEVEL = 0;
				GCC_PREPROCESSOR_DEFINITIONS = (
					"DEBUG=1",
					"$(inherited)",
				);
				GCC_WARN_64_TO_32_BIT_CONVERSION = YES;
				GCC_WARN_ABOUT_RETURN_TYPE = YES_ERROR;
				GCC_WARN_UNDECLARED_SELECTOR = YES;
				GCC_WARN_UNINITIALIZED_AUTOS = YES_AGGRESSIVE;
				GCC_WARN_UNUSED_FUNCTION = YES;
				GCC_WARN_UNUSED_VARIABLE = YES;
				IPHONEOS_DEPLOYMENT_TARGET = 10.3;
				MTL_ENABLE_DEBUG_INFO = YES;
				ONLY_ACTIVE_ARCH = YES;
				SDKROOT = iphoneos;
				SWIFT_ACTIVE_COMPILATION_CONDITIONS = DEBUG;
				SWIFT_OPTIMIZATION_LEVEL = "-Onone";
				TARGETED_DEVICE_FAMILY = "1,2";
			};
			name = Debug;
		};
		BA7BB7311F49B0F500135843 /* Release */ = {
			isa = XCBuildConfiguration;
			buildSettings = {
				ALWAYS_SEARCH_USER_PATHS = NO;
				CLANG_ANALYZER_NONNULL = YES;
				CLANG_ANALYZER_NUMBER_OBJECT_CONVERSION = YES_AGGRESSIVE;
				CLANG_CXX_LANGUAGE_STANDARD = "gnu++0x";
				CLANG_CXX_LIBRARY = "libc++";
				CLANG_ENABLE_MODULES = YES;
				CLANG_ENABLE_OBJC_ARC = YES;
				CLANG_WARN_BOOL_CONVERSION = YES;
				CLANG_WARN_CONSTANT_CONVERSION = YES;
				CLANG_WARN_DIRECT_OBJC_ISA_USAGE = YES_ERROR;
				CLANG_WARN_DOCUMENTATION_COMMENTS = YES;
				CLANG_WARN_EMPTY_BODY = YES;
				CLANG_WARN_ENUM_CONVERSION = YES;
				CLANG_WARN_INFINITE_RECURSION = YES;
				CLANG_WARN_INT_CONVERSION = YES;
				CLANG_WARN_OBJC_ROOT_CLASS = YES_ERROR;
				CLANG_WARN_SUSPICIOUS_MOVE = YES;
				CLANG_WARN_UNREACHABLE_CODE = YES;
				CLANG_WARN__DUPLICATE_METHOD_MATCH = YES;
				"CODE_SIGN_IDENTITY[sdk=iphoneos*]" = "iPhone Developer";
				COPY_PHASE_STRIP = NO;
				DEBUG_INFORMATION_FORMAT = "dwarf-with-dsym";
				ENABLE_NS_ASSERTIONS = NO;
				ENABLE_STRICT_OBJC_MSGSEND = YES;
				GCC_C_LANGUAGE_STANDARD = gnu99;
				GCC_NO_COMMON_BLOCKS = YES;
				GCC_WARN_64_TO_32_BIT_CONVERSION = YES;
				GCC_WARN_ABOUT_RETURN_TYPE = YES_ERROR;
				GCC_WARN_UNDECLARED_SELECTOR = YES;
				GCC_WARN_UNINITIALIZED_AUTOS = YES_AGGRESSIVE;
				GCC_WARN_UNUSED_FUNCTION = YES;
				GCC_WARN_UNUSED_VARIABLE = YES;
				IPHONEOS_DEPLOYMENT_TARGET = 10.3;
				MTL_ENABLE_DEBUG_INFO = NO;
				SDKROOT = iphoneos;
				SWIFT_OPTIMIZATION_LEVEL = "-Owholemodule";
				TARGETED_DEVICE_FAMILY = "1,2";
				VALIDATE_PRODUCT = YES;
			};
			name = Release;
		};
		BA7BB7331F49B0F500135843 /* Debug */ = {
			isa = XCBuildConfiguration;
			buildSettings = {
				ASSETCATALOG_COMPILER_APPICON_NAME = AppIcon;
				INFOPLIST_FILE = CryptoCurrencyConverter/Info.plist;
				LD_RUNPATH_SEARCH_PATHS = "$(inherited) @executable_path/Frameworks";
				PRODUCT_BUNDLE_IDENTIFIER = com.vasiliymelishkevych.CryptoCurrencyConverter;
				PRODUCT_NAME = "$(TARGET_NAME)";
				SWIFT_VERSION = 3.0;
			};
			name = Debug;
		};
		BA7BB7341F49B0F500135843 /* Release */ = {
			isa = XCBuildConfiguration;
			buildSettings = {
				ASSETCATALOG_COMPILER_APPICON_NAME = AppIcon;
				INFOPLIST_FILE = CryptoCurrencyConverter/Info.plist;
				LD_RUNPATH_SEARCH_PATHS = "$(inherited) @executable_path/Frameworks";
				PRODUCT_BUNDLE_IDENTIFIER = com.vasiliymelishkevych.CryptoCurrencyConverter;
				PRODUCT_NAME = "$(TARGET_NAME)";
				SWIFT_VERSION = 3.0;
			};
			name = Release;
		};
		BA7BB7361F49B0F500135843 /* Debug */ = {
			isa = XCBuildConfiguration;
			buildSettings = {
				ALWAYS_EMBED_SWIFT_STANDARD_LIBRARIES = YES;
				BUNDLE_LOADER = "$(TEST_HOST)";
				INFOPLIST_FILE = CryptoCurrencyConverterTests/Info.plist;
				LD_RUNPATH_SEARCH_PATHS = "$(inherited) @executable_path/Frameworks @loader_path/Frameworks";
				PRODUCT_BUNDLE_IDENTIFIER = com.vasiliymelishkevych.CryptoCurrencyConverterTests;
				PRODUCT_NAME = "$(TARGET_NAME)";
				SWIFT_VERSION = 3.0;
				TEST_HOST = "$(BUILT_PRODUCTS_DIR)/CryptoCurrencyConverter.app/CryptoCurrencyConverter";
			};
			name = Debug;
		};
		BA7BB7371F49B0F500135843 /* Release */ = {
			isa = XCBuildConfiguration;
			buildSettings = {
				ALWAYS_EMBED_SWIFT_STANDARD_LIBRARIES = YES;
				BUNDLE_LOADER = "$(TEST_HOST)";
				INFOPLIST_FILE = CryptoCurrencyConverterTests/Info.plist;
				LD_RUNPATH_SEARCH_PATHS = "$(inherited) @executable_path/Frameworks @loader_path/Frameworks";
				PRODUCT_BUNDLE_IDENTIFIER = com.vasiliymelishkevych.CryptoCurrencyConverterTests;
				PRODUCT_NAME = "$(TARGET_NAME)";
				SWIFT_VERSION = 3.0;
				TEST_HOST = "$(BUILT_PRODUCTS_DIR)/CryptoCurrencyConverter.app/CryptoCurrencyConverter";
			};
			name = Release;
		};
		BA7BB7391F49B0F500135843 /* Debug */ = {
			isa = XCBuildConfiguration;
			buildSettings = {
				ALWAYS_EMBED_SWIFT_STANDARD_LIBRARIES = YES;
				INFOPLIST_FILE = CryptoCurrencyConverterUITests/Info.plist;
				LD_RUNPATH_SEARCH_PATHS = "$(inherited) @executable_path/Frameworks @loader_path/Frameworks";
				PRODUCT_BUNDLE_IDENTIFIER = com.vasiliymelishkevych.CryptoCurrencyConverterUITests;
				PRODUCT_NAME = "$(TARGET_NAME)";
				SWIFT_VERSION = 3.0;
				TEST_TARGET_NAME = CryptoCurrencyConverter;
			};
			name = Debug;
		};
		BA7BB73A1F49B0F500135843 /* Release */ = {
			isa = XCBuildConfiguration;
			buildSettings = {
				ALWAYS_EMBED_SWIFT_STANDARD_LIBRARIES = YES;
				INFOPLIST_FILE = CryptoCurrencyConverterUITests/Info.plist;
				LD_RUNPATH_SEARCH_PATHS = "$(inherited) @executable_path/Frameworks @loader_path/Frameworks";
				PRODUCT_BUNDLE_IDENTIFIER = com.vasiliymelishkevych.CryptoCurrencyConverterUITests;
				PRODUCT_NAME = "$(TARGET_NAME)";
				SWIFT_VERSION = 3.0;
				TEST_TARGET_NAME = CryptoCurrencyConverter;
			};
			name = Release;
		};
/* End XCBuildConfiguration section */

/* Begin XCConfigurationList section */
		BA7BB7051F49B0F500135843 /* Build configuration list for PBXProject "CryptoCurrencyConverter" */ = {
			isa = XCConfigurationList;
			buildConfigurations = (
				BA7BB7301F49B0F500135843 /* Debug */,
				BA7BB7311F49B0F500135843 /* Release */,
			);
			defaultConfigurationIsVisible = 0;
			defaultConfigurationName = Release;
		};
		BA7BB7321F49B0F500135843 /* Build configuration list for PBXNativeTarget "CryptoCurrencyConverter" */ = {
			isa = XCConfigurationList;
			buildConfigurations = (
				BA7BB7331F49B0F500135843 /* Debug */,
				BA7BB7341F49B0F500135843 /* Release */,
			);
			defaultConfigurationIsVisible = 0;
			defaultConfigurationName = Release;
		};
		BA7BB7351F49B0F500135843 /* Build configuration list for PBXNativeTarget "CryptoCurrencyConverterTests" */ = {
			isa = XCConfigurationList;
			buildConfigurations = (
				BA7BB7361F49B0F500135843 /* Debug */,
				BA7BB7371F49B0F500135843 /* Release */,
			);
			defaultConfigurationIsVisible = 0;
			defaultConfigurationName = Release;
		};
		BA7BB7381F49B0F500135843 /* Build configuration list for PBXNativeTarget "CryptoCurrencyConverterUITests" */ = {
			isa = XCConfigurationList;
			buildConfigurations = (
				BA7BB7391F49B0F500135843 /* Debug */,
				BA7BB73A1F49B0F500135843 /* Release */,
			);
			defaultConfigurationIsVisible = 0;
			defaultConfigurationName = Release;
		};
/* End XCConfigurationList section */
	};
	rootObject = BA7BB7021F49B0F500135843 /* Project object */;
}
